
Microsoft Visual Studio Solution File, Format Version 12.00
# Visual Studio Version 17
VisualStudioVersion = 17.0.32126.317
MinimumVisualStudioVersion = 10.0.40219.1
Project("{8BC9CEB8-8B4A-11D0-8D11-00A0C91BC942}") = "Assignment0", "Assignment0\Assignment0.vcxproj", "{095A965C-009F-4807-A272-3DFFC1E65FE9}"
EndProject
Project("{8BC9CEB8-8B4A-11D0-8D11-00A0C91BC942}") = "Assignment1", "Assignment1\Assignment1.vcxproj", "{2EE73B0D-84DD-4CCB-87BD-72C6F39FFE93}"
EndProject
Project("{8BC9CEB8-8B4A-11D0-8D11-00A0C91BC942}") = "Assignment2", "Assignment2\Assignment2.vcxproj", "{AB7348E0-571C-4B34-A983-DE94C8D5300B}"
EndProject
Project("{8BC9CEB8-8B4A-11D0-8D11-00A0C91BC942}") = "Assignment3", "Assignment3\Assignment3.vcxproj", "{73177F6D-E280-4D9A-BFEC-C88961261832}"
EndProject
Project("{8BC9CEB8-8B4A-11D0-8D11-00A0C91BC942}") = "Assignment4", "Assignment4\Assignment4.vcxproj", "{950E079A-8DC4-4C8D-9E4A-B5A48B8DF89E}"
EndProject
Project("{8BC9CEB8-8B4A-11D0-8D11-00A0C91BC942}") = "Assignment5", "Assignment5\Assignment5.vcxproj", "{4A073ACF-C22D-4242-8D51-28D0932D2959}"
EndProject
Project("{8BC9CEB8-8B4A-11D0-8D11-00A0C91BC942}") = "Assignment6", "Assignment6\Assignment6.vcxproj", "{A6FFDE6E-45E5-4D17-A372-F852FE22327F}"
EndProject
Project("{8BC9CEB8-8B4A-11D0-8D11-00A0C91BC942}") = "Assignment7", "Assignment7\Assignment7.vcxproj", "{A2DC513F-0B6C-4F8E-AEE5-B00BB580AC9C}"
EndProject
Project("{8BC9CEB8-8B4A-11D0-8D11-00A0C91BC942}") = "Assignment8", "Assignment8\Assignment8.vcxproj", "{B017E308-FEBE-49B3-ADBF-1914F0562AD0}"
EndProject
Project("{8BC9CEB8-8B4A-11D0-8D11-00A0C91BC942}") = "Assignment9", "Assignment9\Assignment9.vcxproj", "{56B5611A-672F-400B-BFF9-637EC0D7FAB3}"
EndProject
Project("{8BC9CEB8-8B4A-11D0-8D11-00A0C91BC942}") = "Assignment10", "Assignment10\Assignment10.vcxproj", "{4B762C4B-2D4F-4BE6-8B47-ED8E63ADDEBD}"
EndProject
Project("{8BC9CEB8-8B4A-11D0-8D11-00A0C91BC942}") = "Assignment11", "Assignment11\Assignment11.vcxproj", "{140AF823-F115-413E-8461-3678651B1D07}"
EndProject
Project("{8BC9CEB8-8B4A-11D0-8D11-00A0C91BC942}") = "Assignment12", "Assignment12\Assignment12.vcxproj", "{F8FD911E-C962-4A4F-99B2-7591ACC26398}"
EndProject
Project("{8BC9CEB8-8B4A-11D0-8D11-00A0C91BC942}") = "Assignment13", "Assignment13\Assignment13.vcxproj", "{BDE7951E-D6E7-4A9B-94AD-EE0E4700C19C}"
EndProject
Project("{8BC9CEB8-8B4A-11D0-8D11-00A0C91BC942}") = "Assignment14", "Assignment14\Assignment14.vcxproj", "{C2548659-2BAC-4AE9-A24F-7928607E5909}"
EndProject
Project("{8BC9CEB8-8B4A-11D0-8D11-00A0C91BC942}") = "Assignment15", "Assignment15\Assignment15.vcxproj", "{E48CECDB-7C71-420A-81C9-8BB919D9286D}"
EndProject
Project("{8BC9CEB8-8B4A-11D0-8D11-00A0C91BC942}") = "Assignment16", "Assignment16\Assignment16.vcxproj", "{015E8C66-7664-4FCD-BCAC-63477EAE4A6C}"
EndProject
Project("{8BC9CEB8-8B4A-11D0-8D11-00A0C91BC942}") = "Assignment17", "Assignment17\Assignment17.vcxproj", "{3713B505-A54C-4F09-9CC2-921D6403983A}"
EndProject
Project("{8BC9CEB8-8B4A-11D0-8D11-00A0C91BC942}") = "Assignment18", "Assignment18\Assignment18.vcxproj", "{481053A1-7711-4154-A09E-A5B75954EE10}"
EndProject
Project("{8BC9CEB8-8B4A-11D0-8D11-00A0C91BC942}") = "Assignment19", "Assignment19\Assignment19.vcxproj", "{8F0EAB25-10DD-431C-84E8-B9DFC52C96F4}"
EndProject
Project("{8BC9CEB8-8B4A-11D0-8D11-00A0C91BC942}") = "Assignment20", "Assignment20\Assignment20.vcxproj", "{01AD5754-EFBF-4C4B-8DD7-9571014AD5CD}"
EndProject
Global
	GlobalSection(SolutionConfigurationPlatforms) = preSolution
		Debug|x64 = Debug|x64
		Debug|x86 = Debug|x86
		Release|x64 = Release|x64
		Release|x86 = Release|x86
	EndGlobalSection
	GlobalSection(ProjectConfigurationPlatforms) = postSolution
		{095A965C-009F-4807-A272-3DFFC1E65FE9}.Debug|x64.ActiveCfg = Debug|x64
		{095A965C-009F-4807-A272-3DFFC1E65FE9}.Debug|x64.Build.0 = Debug|x64
		{095A965C-009F-4807-A272-3DFFC1E65FE9}.Debug|x86.ActiveCfg = Debug|Win32
		{095A965C-009F-4807-A272-3DFFC1E65FE9}.Debug|x86.Build.0 = Debug|Win32
		{095A965C-009F-4807-A272-3DFFC1E65FE9}.Release|x64.ActiveCfg = Release|x64
		{095A965C-009F-4807-A272-3DFFC1E65FE9}.Release|x64.Build.0 = Release|x64
		{095A965C-009F-4807-A272-3DFFC1E65FE9}.Release|x86.ActiveCfg = Release|Win32
		{095A965C-009F-4807-A272-3DFFC1E65FE9}.Release|x86.Build.0 = Release|Win32
		{2EE73B0D-84DD-4CCB-87BD-72C6F39FFE93}.Debug|x64.ActiveCfg = Debug|x64
		{2EE73B0D-84DD-4CCB-87BD-72C6F39FFE93}.Debug|x64.Build.0 = Debug|x64
		{2EE73B0D-84DD-4CCB-87BD-72C6F39FFE93}.Debug|x86.ActiveCfg = Debug|Win32
		{2EE73B0D-84DD-4CCB-87BD-72C6F39FFE93}.Debug|x86.Build.0 = Debug|Win32
		{2EE73B0D-84DD-4CCB-87BD-72C6F39FFE93}.Release|x64.ActiveCfg = Release|x64
		{2EE73B0D-84DD-4CCB-87BD-72C6F39FFE93}.Release|x64.Build.0 = Release|x64
		{2EE73B0D-84DD-4CCB-87BD-72C6F39FFE93}.Release|x86.ActiveCfg = Release|Win32
		{2EE73B0D-84DD-4CCB-87BD-72C6F39FFE93}.Release|x86.Build.0 = Release|Win32
		{AB7348E0-571C-4B34-A983-DE94C8D5300B}.Debug|x64.ActiveCfg = Debug|x64
		{AB7348E0-571C-4B34-A983-DE94C8D5300B}.Debug|x64.Build.0 = Debug|x64
		{AB7348E0-571C-4B34-A983-DE94C8D5300B}.Debug|x86.ActiveCfg = Debug|Win32
		{AB7348E0-571C-4B34-A983-DE94C8D5300B}.Debug|x86.Build.0 = Debug|Win32
		{AB7348E0-571C-4B34-A983-DE94C8D5300B}.Release|x64.ActiveCfg = Release|x64
		{AB7348E0-571C-4B34-A983-DE94C8D5300B}.Release|x64.Build.0 = Release|x64
		{AB7348E0-571C-4B34-A983-DE94C8D5300B}.Release|x86.ActiveCfg = Release|Win32
		{AB7348E0-571C-4B34-A983-DE94C8D5300B}.Release|x86.Build.0 = Release|Win32
		{73177F6D-E280-4D9A-BFEC-C88961261832}.Debug|x64.ActiveCfg = Debug|x64
		{73177F6D-E280-4D9A-BFEC-C88961261832}.Debug|x64.Build.0 = Debug|x64
		{73177F6D-E280-4D9A-BFEC-C88961261832}.Debug|x86.ActiveCfg = Debug|Win32
		{73177F6D-E280-4D9A-BFEC-C88961261832}.Debug|x86.Build.0 = Debug|Win32
		{73177F6D-E280-4D9A-BFEC-C88961261832}.Release|x64.ActiveCfg = Release|x64
		{73177F6D-E280-4D9A-BFEC-C88961261832}.Release|x64.Build.0 = Release|x64
		{73177F6D-E280-4D9A-BFEC-C88961261832}.Release|x86.ActiveCfg = Release|Win32
		{73177F6D-E280-4D9A-BFEC-C88961261832}.Release|x86.Build.0 = Release|Win32
		{950E079A-8DC4-4C8D-9E4A-B5A48B8DF89E}.Debug|x64.ActiveCfg = Debug|x64
		{950E079A-8DC4-4C8D-9E4A-B5A48B8DF89E}.Debug|x64.Build.0 = Debug|x64
		{950E079A-8DC4-4C8D-9E4A-B5A48B8DF89E}.Debug|x86.ActiveCfg = Debug|Win32
		{950E079A-8DC4-4C8D-9E4A-B5A48B8DF89E}.Debug|x86.Build.0 = Debug|Win32
		{950E079A-8DC4-4C8D-9E4A-B5A48B8DF89E}.Release|x64.ActiveCfg = Release|x64
		{950E079A-8DC4-4C8D-9E4A-B5A48B8DF89E}.Release|x64.Build.0 = Release|x64
		{950E079A-8DC4-4C8D-9E4A-B5A48B8DF89E}.Release|x86.ActiveCfg = Release|Win32
		{950E079A-8DC4-4C8D-9E4A-B5A48B8DF89E}.Release|x86.Build.0 = Release|Win32
		{4A073ACF-C22D-4242-8D51-28D0932D2959}.Debug|x64.ActiveCfg = Debug|x64
		{4A073ACF-C22D-4242-8D51-28D0932D2959}.Debug|x64.Build.0 = Debug|x64
		{4A073ACF-C22D-4242-8D51-28D0932D2959}.Debug|x86.ActiveCfg = Debug|Win32
		{4A073ACF-C22D-4242-8D51-28D0932D2959}.Debug|x86.Build.0 = Debug|Win32
		{4A073ACF-C22D-4242-8D51-28D0932D2959}.Release|x64.ActiveCfg = Release|x64
		{4A073ACF-C22D-4242-8D51-28D0932D2959}.Release|x64.Build.0 = Release|x64
		{4A073ACF-C22D-4242-8D51-28D0932D2959}.Release|x86.ActiveCfg = Release|Win32
		{4A073ACF-C22D-4242-8D51-28D0932D2959}.Release|x86.Build.0 = Release|Win32
		{A6FFDE6E-45E5-4D17-A372-F852FE22327F}.Debug|x64.ActiveCfg = Debug|x64
		{A6FFDE6E-45E5-4D17-A372-F852FE22327F}.Debug|x64.Build.0 = Debug|x64
		{A6FFDE6E-45E5-4D17-A372-F852FE22327F}.Debug|x86.ActiveCfg = Debug|Win32
		{A6FFDE6E-45E5-4D17-A372-F852FE22327F}.Debug|x86.Build.0 = Debug|Win32
		{A6FFDE6E-45E5-4D17-A372-F852FE22327F}.Release|x64.ActiveCfg = Release|x64
		{A6FFDE6E-45E5-4D17-A372-F852FE22327F}.Release|x64.Build.0 = Release|x64
		{A6FFDE6E-45E5-4D17-A372-F852FE22327F}.Release|x86.ActiveCfg = Release|Win32
		{A6FFDE6E-45E5-4D17-A372-F852FE22327F}.Release|x86.Build.0 = Release|Win32
		{A2DC513F-0B6C-4F8E-AEE5-B00BB580AC9C}.Debug|x64.ActiveCfg = Debug|x64
		{A2DC513F-0B6C-4F8E-AEE5-B00BB580AC9C}.Debug|x64.Build.0 = Debug|x64
		{A2DC513F-0B6C-4F8E-AEE5-B00BB580AC9C}.Debug|x86.ActiveCfg = Debug|Win32
		{A2DC513F-0B6C-4F8E-AEE5-B00BB580AC9C}.Debug|x86.Build.0 = Debug|Win32
		{A2DC513F-0B6C-4F8E-AEE5-B00BB580AC9C}.Release|x64.ActiveCfg = Release|x64
		{A2DC513F-0B6C-4F8E-AEE5-B00BB580AC9C}.Release|x64.Build.0 = Release|x64
		{A2DC513F-0B6C-4F8E-AEE5-B00BB580AC9C}.Release|x86.ActiveCfg = Release|Win32
		{A2DC513F-0B6C-4F8E-AEE5-B00BB580AC9C}.Release|x86.Build.0 = Release|Win32
		{B017E308-FEBE-49B3-ADBF-1914F0562AD0}.Debug|x64.ActiveCfg = Debug|x64
		{B017E308-FEBE-49B3-ADBF-1914F0562AD0}.Debug|x64.Build.0 = Debug|x64
		{B017E308-FEBE-49B3-ADBF-1914F0562AD0}.Debug|x86.ActiveCfg = Debug|Win32
		{B017E308-FEBE-49B3-ADBF-1914F0562AD0}.Debug|x86.Build.0 = Debug|Win32
		{B017E308-FEBE-49B3-ADBF-1914F0562AD0}.Release|x64.ActiveCfg = Release|x64
		{B017E308-FEBE-49B3-ADBF-1914F0562AD0}.Release|x64.Build.0 = Release|x64
		{B017E308-FEBE-49B3-ADBF-1914F0562AD0}.Release|x86.ActiveCfg = Release|Win32
		{B017E308-FEBE-49B3-ADBF-1914F0562AD0}.Release|x86.Build.0 = Release|Win32
		{56B5611A-672F-400B-BFF9-637EC0D7FAB3}.Debug|x64.ActiveCfg = Debug|x64
		{56B5611A-672F-400B-BFF9-637EC0D7FAB3}.Debug|x64.Build.0 = Debug|x64
		{56B5611A-672F-400B-BFF9-637EC0D7FAB3}.Debug|x86.ActiveCfg = Debug|Win32
		{56B5611A-672F-400B-BFF9-637EC0D7FAB3}.Debug|x86.Build.0 = Debug|Win32
		{56B5611A-672F-400B-BFF9-637EC0D7FAB3}.Release|x64.ActiveCfg = Release|x64
		{56B5611A-672F-400B-BFF9-637EC0D7FAB3}.Release|x64.Build.0 = Release|x64
		{56B5611A-672F-400B-BFF9-637EC0D7FAB3}.Release|x86.ActiveCfg = Release|Win32
		{56B5611A-672F-400B-BFF9-637EC0D7FAB3}.Release|x86.Build.0 = Release|Win32
		{4B762C4B-2D4F-4BE6-8B47-ED8E63ADDEBD}.Debug|x64.ActiveCfg = Debug|x64
		{4B762C4B-2D4F-4BE6-8B47-ED8E63ADDEBD}.Debug|x64.Build.0 = Debug|x64
		{4B762C4B-2D4F-4BE6-8B47-ED8E63ADDEBD}.Debug|x86.ActiveCfg = Debug|Win32
		{4B762C4B-2D4F-4BE6-8B47-ED8E63ADDEBD}.Debug|x86.Build.0 = Debug|Win32
		{4B762C4B-2D4F-4BE6-8B47-ED8E63ADDEBD}.Release|x64.ActiveCfg = Release|x64
		{4B762C4B-2D4F-4BE6-8B47-ED8E63ADDEBD}.Release|x64.Build.0 = Release|x64
		{4B762C4B-2D4F-4BE6-8B47-ED8E63ADDEBD}.Release|x86.ActiveCfg = Release|Win32
		{4B762C4B-2D4F-4BE6-8B47-ED8E63ADDEBD}.Release|x86.Build.0 = Release|Win32
		{140AF823-F115-413E-8461-3678651B1D07}.Debug|x64.ActiveCfg = Debug|x64
		{140AF823-F115-413E-8461-3678651B1D07}.Debug|x64.Build.0 = Debug|x64
		{140AF823-F115-413E-8461-3678651B1D07}.Debug|x86.ActiveCfg = Debug|Win32
		{140AF823-F115-413E-8461-3678651B1D07}.Debug|x86.Build.0 = Debug|Win32
		{140AF823-F115-413E-8461-3678651B1D07}.Release|x64.ActiveCfg = Release|x64
		{140AF823-F115-413E-8461-3678651B1D07}.Release|x64.Build.0 = Release|x64
		{140AF823-F115-413E-8461-3678651B1D07}.Release|x86.ActiveCfg = Release|Win32
		{140AF823-F115-413E-8461-3678651B1D07}.Release|x86.Build.0 = Release|Win32
		{F8FD911E-C962-4A4F-99B2-7591ACC26398}.Debug|x64.ActiveCfg = Debug|x64
		{F8FD911E-C962-4A4F-99B2-7591ACC26398}.Debug|x64.Build.0 = Debug|x64
		{F8FD911E-C962-4A4F-99B2-7591ACC26398}.Debug|x86.ActiveCfg = Debug|Win32
		{F8FD911E-C962-4A4F-99B2-7591ACC26398}.Debug|x86.Build.0 = Debug|Win32
		{F8FD911E-C962-4A4F-99B2-7591ACC26398}.Release|x64.ActiveCfg = Release|x64
		{F8FD911E-C962-4A4F-99B2-7591ACC26398}.Release|x64.Build.0 = Release|x64
		{F8FD911E-C962-4A4F-99B2-7591ACC26398}.Release|x86.ActiveCfg = Release|Win32
		{F8FD911E-C962-4A4F-99B2-7591ACC26398}.Release|x86.Build.0 = Release|Win32
		{BDE7951E-D6E7-4A9B-94AD-EE0E4700C19C}.Debug|x64.ActiveCfg = Debug|x64
		{BDE7951E-D6E7-4A9B-94AD-EE0E4700C19C}.Debug|x64.Build.0 = Debug|x64
		{BDE7951E-D6E7-4A9B-94AD-EE0E4700C19C}.Debug|x86.ActiveCfg = Debug|Win32
		{BDE7951E-D6E7-4A9B-94AD-EE0E4700C19C}.Debug|x86.Build.0 = Debug|Win32
		{BDE7951E-D6E7-4A9B-94AD-EE0E4700C19C}.Release|x64.ActiveCfg = Release|x64
		{BDE7951E-D6E7-4A9B-94AD-EE0E4700C19C}.Release|x64.Build.0 = Release|x64
		{BDE7951E-D6E7-4A9B-94AD-EE0E4700C19C}.Release|x86.ActiveCfg = Release|Win32
		{BDE7951E-D6E7-4A9B-94AD-EE0E4700C19C}.Release|x86.Build.0 = Release|Win32
		{C2548659-2BAC-4AE9-A24F-7928607E5909}.Debug|x64.ActiveCfg = Debug|x64
		{C2548659-2BAC-4AE9-A24F-7928607E5909}.Debug|x64.Build.0 = Debug|x64
		{C2548659-2BAC-4AE9-A24F-7928607E5909}.Debug|x86.ActiveCfg = Debug|Win32
		{C2548659-2BAC-4AE9-A24F-7928607E5909}.Debug|x86.Build.0 = Debug|Win32
		{C2548659-2BAC-4AE9-A24F-7928607E5909}.Release|x64.ActiveCfg = Release|x64
		{C2548659-2BAC-4AE9-A24F-7928607E5909}.Release|x64.Build.0 = Release|x64
		{C2548659-2BAC-4AE9-A24F-7928607E5909}.Release|x86.ActiveCfg = Release|Win32
		{C2548659-2BAC-4AE9-A24F-7928607E5909}.Release|x86.Build.0 = Release|Win32
		{E48CECDB-7C71-420A-81C9-8BB919D9286D}.Debug|x64.ActiveCfg = Debug|x64
		{E48CECDB-7C71-420A-81C9-8BB919D9286D}.Debug|x64.Build.0 = Debug|x64
		{E48CECDB-7C71-420A-81C9-8BB919D9286D}.Debug|x86.ActiveCfg = Debug|Win32
		{E48CECDB-7C71-420A-81C9-8BB919D9286D}.Debug|x86.Build.0 = Debug|Win32
		{E48CECDB-7C71-420A-81C9-8BB919D9286D}.Release|x64.ActiveCfg = Release|x64
		{E48CECDB-7C71-420A-81C9-8BB919D9286D}.Release|x64.Build.0 = Release|x64
		{E48CECDB-7C71-420A-81C9-8BB919D9286D}.Release|x86.ActiveCfg = Release|Win32
		{E48CECDB-7C71-420A-81C9-8BB919D9286D}.Release|x86.Build.0 = Release|Win32
		{015E8C66-7664-4FCD-BCAC-63477EAE4A6C}.Debug|x64.ActiveCfg = Debug|x64
		{015E8C66-7664-4FCD-BCAC-63477EAE4A6C}.Debug|x64.Build.0 = Debug|x64
		{015E8C66-7664-4FCD-BCAC-63477EAE4A6C}.Debug|x86.ActiveCfg = Debug|Win32
		{015E8C66-7664-4FCD-BCAC-63477EAE4A6C}.Debug|x86.Build.0 = Debug|Win32
		{015E8C66-7664-4FCD-BCAC-63477EAE4A6C}.Release|x64.ActiveCfg = Release|x64
		{015E8C66-7664-4FCD-BCAC-63477EAE4A6C}.Release|x64.Build.0 = Release|x64
		{015E8C66-7664-4FCD-BCAC-63477EAE4A6C}.Release|x86.ActiveCfg = Release|Win32
		{015E8C66-7664-4FCD-BCAC-63477EAE4A6C}.Release|x86.Build.0 = Release|Win32
		{3713B505-A54C-4F09-9CC2-921D6403983A}.Debug|x64.ActiveCfg = Debug|x64
		{3713B505-A54C-4F09-9CC2-921D6403983A}.Debug|x64.Build.0 = Debug|x64
		{3713B505-A54C-4F09-9CC2-921D6403983A}.Debug|x86.ActiveCfg = Debug|Win32
		{3713B505-A54C-4F09-9CC2-921D6403983A}.Debug|x86.Build.0 = Debug|Win32
		{3713B505-A54C-4F09-9CC2-921D6403983A}.Release|x64.ActiveCfg = Release|x64
		{3713B505-A54C-4F09-9CC2-921D6403983A}.Release|x64.Build.0 = Release|x64
		{3713B505-A54C-4F09-9CC2-921D6403983A}.Release|x86.ActiveCfg = Release|Win32
		{3713B505-A54C-4F09-9CC2-921D6403983A}.Release|x86.Build.0 = Release|Win32
		{481053A1-7711-4154-A09E-A5B75954EE10}.Debug|x64.ActiveCfg = Debug|x64
		{481053A1-7711-4154-A09E-A5B75954EE10}.Debug|x64.Build.0 = Debug|x64
		{481053A1-7711-4154-A09E-A5B75954EE10}.Debug|x86.ActiveCfg = Debug|Win32
		{481053A1-7711-4154-A09E-A5B75954EE10}.Debug|x86.Build.0 = Debug|Win32
		{481053A1-7711-4154-A09E-A5B75954EE10}.Release|x64.ActiveCfg = Release|x64
		{481053A1-7711-4154-A09E-A5B75954EE10}.Release|x64.Build.0 = Release|x64
		{481053A1-7711-4154-A09E-A5B75954EE10}.Release|x86.ActiveCfg = Release|Win32
		{481053A1-7711-4154-A09E-A5B75954EE10}.Release|x86.Build.0 = Release|Win32
		{8F0EAB25-10DD-431C-84E8-B9DFC52C96F4}.Debug|x64.ActiveCfg = Debug|x64
		{8F0EAB25-10DD-431C-84E8-B9DFC52C96F4}.Debug|x64.Build.0 = Debug|x64
		{8F0EAB25-10DD-431C-84E8-B9DFC52C96F4}.Debug|x86.ActiveCfg = Debug|Win32
		{8F0EAB25-10DD-431C-84E8-B9DFC52C96F4}.Debug|x86.Build.0 = Debug|Win32
		{8F0EAB25-10DD-431C-84E8-B9DFC52C96F4}.Release|x64.ActiveCfg = Release|x64
		{8F0EAB25-10DD-431C-84E8-B9DFC52C96F4}.Release|x64.Build.0 = Release|x64
		{8F0EAB25-10DD-431C-84E8-B9DFC52C96F4}.Release|x86.ActiveCfg = Release|Win32
		{8F0EAB25-10DD-431C-84E8-B9DFC52C96F4}.Release|x86.Build.0 = Release|Win32
		{01AD5754-EFBF-4C4B-8DD7-9571014AD5CD}.Debug|x64.ActiveCfg = Debug|x64
		{01AD5754-EFBF-4C4B-8DD7-9571014AD5CD}.Debug|x64.Build.0 = Debug|x64
		{01AD5754-EFBF-4C4B-8DD7-9571014AD5CD}.Debug|x86.ActiveCfg = Debug|Win32
		{01AD5754-EFBF-4C4B-8DD7-9571014AD5CD}.Debug|x86.Build.0 = Debug|Win32
		{01AD5754-EFBF-4C4B-8DD7-9571014AD5CD}.Release|x64.ActiveCfg = Release|x64
		{01AD5754-EFBF-4C4B-8DD7-9571014AD5CD}.Release|x64.Build.0 = Release|x64
		{01AD5754-EFBF-4C4B-8DD7-9571014AD5CD}.Release|x86.ActiveCfg = Release|Win32
		{01AD5754-EFBF-4C4B-8DD7-9571014AD5CD}.Release|x86.Build.0 = Release|Win32
	EndGlobalSection
	GlobalSection(SolutionProperties) = preSolution
		HideSolutionNode = FALSE
	EndGlobalSection
	GlobalSection(ExtensibilityGlobals) = postSolution
		SolutionGuid = {280472E5-B8CA-4172-98FE-01057691D2FC}
	EndGlobalSection
EndGlobal
